// !$*UTF8*$!
{
	archiveVersion = 1;
	classes = {
	};
	objectVersion = 50;
	objects = {

/* Begin PBXBuildFile section */
		CB2518C7243BA5EE0031AE2C /* AppDelegate.swift in Sources */ = {isa = PBXBuildFile; fileRef = CB2518C6243BA5EE0031AE2C /* AppDelegate.swift */; };
		CB2518C9243BA5EE0031AE2C /* SceneDelegate.swift in Sources */ = {isa = PBXBuildFile; fileRef = CB2518C8243BA5EE0031AE2C /* SceneDelegate.swift */; };
		CB2518CB243BA5EE0031AE2C /* ViewController.swift in Sources */ = {isa = PBXBuildFile; fileRef = CB2518CA243BA5EE0031AE2C /* ViewController.swift */; };
		CB2518CE243BA5EE0031AE2C /* Main.storyboard in Resources */ = {isa = PBXBuildFile; fileRef = CB2518CC243BA5EE0031AE2C /* Main.storyboard */; };
		CB2518D0243BA5F30031AE2C /* Assets.xcassets in Resources */ = {isa = PBXBuildFile; fileRef = CB2518CF243BA5F30031AE2C /* Assets.xcassets */; };
		CB2518D3243BA5F30031AE2C /* LaunchScreen.storyboard in Resources */ = {isa = PBXBuildFile; fileRef = CB2518D1243BA5F30031AE2C /* LaunchScreen.storyboard */; };
/* End PBXBuildFile section */

/* Begin PBXFileReference section */
		CB2518C3243BA5EE0031AE2C /* Meu projeto xcode 101.app */ = {isa = PBXFileReference; explicitFileType = wrapper.application; includeInIndex = 0; path = "Meu projeto xcode 101.app"; sourceTree = BUILT_PRODUCTS_DIR; };
		CB2518C6243BA5EE0031AE2C /* AppDelegate.swift */ = {isa = PBXFileReference; lastKnownFileType = sourcecode.swift; path = AppDelegate.swift; sourceTree = "<group>"; };
		CB2518C8243BA5EE0031AE2C /* SceneDelegate.swift */ = {isa = PBXFileReference; lastKnownFileType = sourcecode.swift; path = SceneDelegate.swift; sourceTree = "<group>"; };
		CB2518CA243BA5EE0031AE2C /* ViewController.swift */ = {isa = PBXFileReference; lastKnownFileType = sourcecode.swift; path = ViewController.swift; sourceTree = "<group>"; };
		CB2518CD243BA5EE0031AE2C /* Base */ = {isa = PBXFileReference; lastKnownFileType = file.storyboard; name = Base; path = Base.lproj/Main.storyboard; sourceTree = "<group>"; };
		CB2518CF243BA5F30031AE2C /* Assets.xcassets */ = {isa = PBXFileReference; lastKnownFileType = folder.assetcatalog; path = Assets.xcassets; sourceTree = "<group>"; };
		CB2518D2243BA5F30031AE2C /* Base */ = {isa = PBXFileReference; lastKnownFileType = file.storyboard; name = Base; path = Base.lproj/LaunchScreen.storyboard; sourceTree = "<group>"; };
		CB2518D4243BA5F30031AE2C /* Info.plist */ = {isa = PBXFileReference; lastKnownFileType = text.plist.xml; path = Info.plist; sourceTree = "<group>"; };
/* End PBXFileReference section */

/* Begin PBXFrameworksBuildPhase section */
		CB2518C0243BA5EE0031AE2C /* Frameworks */ = {
			isa = PBXFrameworksBuildPhase;
			buildActionMask = 2147483647;
			files = (
			);
			runOnlyForDeploymentPostprocessing = 0;
		};
/* End PBXFrameworksBuildPhase section */

/* Begin PBXGroup section */
		CB2518BA243BA5EE0031AE2C = {
			isa = PBXGroup;
			children = (
				CB2518C5243BA5EE0031AE2C /* Meu projeto xcode 101 */,
				CB2518C4243BA5EE0031AE2C /* Products */,
			);
			sourceTree = "<group>";
		};
		CB2518C4243BA5EE0031AE2C /* Products */ = {
			isa = PBXGroup;
			children = (
				CB2518C3243BA5EE0031AE2C /* Meu projeto xcode 101.app */,
			);
			name = Products;
			sourceTree = "<group>";
		};
		CB2518C5243BA5EE0031AE2C /* Meu projeto xcode 101 */ = {
			isa = PBXGroup;
			children = (
				CB2518C6243BA5EE0031AE2C /* AppDelegate.swift */,
				CB2518C8243BA5EE0031AE2C /* SceneDelegate.swift */,
				CB2518CA243BA5EE0031AE2C /* ViewController.swift */,
				CB2518CC243BA5EE0031AE2C /* Main.storyboard */,
				CB2518CF243BA5F30031AE2C /* Assets.xcassets */,
				CB2518D1243BA5F30031AE2C /* LaunchScreen.storyboard */,
				CB2518D4243BA5F30031AE2C /* Info.plist */,
			);
			path = "Meu projeto xcode 101";
			sourceTree = "<group>";
		};
/* End PBXGroup section */

/* Begin PBXNativeTarget section */
		CB2518C2243BA5EE0031AE2C /* Meu projeto xcode 101 */ = {
			isa = PBXNativeTarget;
			buildConfigurationList = CB2518D7243BA5F30031AE2C /* Build configuration list for PBXNativeTarget "Meu projeto xcode 101" */;
			buildPhases = (
				CB2518BF243BA5EE0031AE2C /* Sources */,
				CB2518C0243BA5EE0031AE2C /* Frameworks */,
				CB2518C1243BA5EE0031AE2C /* Resources */,
			);
			buildRules = (
			);
			dependencies = (
			);
			name = "Meu projeto xcode 101";
			productName = "Meu projeto xcode 101";
			productReference = CB2518C3243BA5EE0031AE2C /* Meu projeto xcode 101.app */;
			productType = "com.apple.product-type.application";
		};
/* End PBXNativeTarget section */

/* Begin PBXProject section */
		CB2518BB243BA5EE0031AE2C /* Project object */ = {
			isa = PBXProject;
			attributes = {
				LastSwiftUpdateCheck = 1140;
				LastUpgradeCheck = 1140;
				ORGANIZATIONNAME = "Carol Marceli";
				TargetAttributes = {
					CB2518C2243BA5EE0031AE2C = {
						CreatedOnToolsVersion = 11.4;
					};
				};
			};
			buildConfigurationList = CB2518BE243BA5EE0031AE2C /* Build configuration list for PBXProject "Meu projeto xcode 101" */;
			compatibilityVersion = "Xcode 9.3";
			developmentRegion = en;
			hasScannedForEncodings = 0;
			knownRegions = (
				en,
				Base,
			);
			mainGroup = CB2518BA243BA5EE0031AE2C;
			productRefGroup = CB2518C4243BA5EE0031AE2C /* Products */;
			projectDirPath = "";
			projectRoot = "";
			targets = (
				CB2518C2243BA5EE0031AE2C /* Meu projeto xcode 101 */,
			);
		};
/* End PBXProject section */

/* Begin PBXResourcesBuildPhase section */
		CB2518C1243BA5EE0031AE2C /* Resources */ = {
			isa = PBXResourcesBuildPhase;
			buildActionMask = 2147483647;
			files = (
				CB2518D3243BA5F30031AE2C /* LaunchScreen.storyboard in Resources */,
				CB2518D0243BA5F30031AE2C /* Assets.xcassets in Resources */,
				CB2518CE243BA5EE0031AE2C /* Main.storyboard in Resources */,
			);
			runOnlyForDeploymentPostprocessing = 0;
		};
/* End PBXResourcesBuildPhase section */

/* Begin PBXSourcesBuildPhase section */
		CB2518BF243BA5EE0031AE2C /* Sources */ = {
			isa = PBXSourcesBuildPhase;
			buildActionMask = 2147483647;
			files = (
				CB2518CB243BA5EE0031AE2C /* ViewController.swift in Sources */,
				CB2518C7243BA5EE0031AE2C /* AppDelegate.swift in Sources */,
				CB2518C9243BA5EE0031AE2C /* SceneDelegate.swift in Sources */,
			);
			runOnlyForDeploymentPostprocessing = 0;
		};
/* End PBXSourcesBuildPhase section */

/* Begin PBXVariantGroup section */
		CB2518CC243BA5EE0031AE2C /* Main.storyboard */ = {
			isa = PBXVariantGroup;
			children = (
				CB2518CD243BA5EE0031AE2C /* Base */,
			);
			name = Main.storyboard;
			sourceTree = "<group>";
		};
		CB2518D1243BA5F30031AE2C /* LaunchScreen.storyboard */ = {
			isa = PBXVariantGroup;
			children = (
				CB2518D2243BA5F30031AE2C /* Base */,
			);
			name = LaunchScreen.storyboard;
			sourceTree = "<group>";
		};
/* End PBXVariantGroup section */

/* Begin XCBuildConfiguration section */
		CB2518D5243BA5F30031AE2C /* Debug */ = {
			isa = XCBuildConfiguration;
			buildSettings = {
				ALWAYS_SEARCH_USER_PATHS = NO;
				CLANG_ANALYZER_NONNULL = YES;
				CLANG_ANALYZER_NUMBER_OBJECT_CONVERSION = YES_AGGRESSIVE;
				CLANG_CXX_LANGUAGE_STANDARD = "gnu++14";
				CLANG_CXX_LIBRARY = "libc++";
				CLANG_ENABLE_MODULES = YES;
				CLANG_ENABLE_OBJC_ARC = YES;
				CLANG_ENABLE_OBJC_WEAK = YES;
				CLANG_WARN_BLOCK_CAPTURE_AUTORELEASING = YES;
				CLANG_WARN_BOOL_CONVERSION = YES;
				CLANG_WARN_COMMA = YES;
				CLANG_WARN_CONSTANT_CONVERSION = YES;
				CLANG_WARN_DEPRECATED_OBJC_IMPLEMENTATIONS = YES;
				CLANG_WARN_DIRECT_OBJC_ISA_USAGE = YES_ERROR;
				CLANG_WARN_DOCUMENTATION_COMMENTS = YES;
				CLANG_WARN_EMPTY_BODY = YES;
				CLANG_WARN_ENUM_CONVERSION = YES;
				CLANG_WARN_INFINITE_RECURSION = YES;
				CLANG_WARN_INT_CONVERSION = YES;
				CLANG_WARN_NON_LITERAL_NULL_CONVERSION = YES;
				CLANG_WARN_OBJC_IMPLICIT_RETAIN_SELF = YES;
				CLANG_WARN_OBJC_LITERAL_CONVERSION = YES;
				CLANG_WARN_OBJC_ROOT_CLASS = YES_ERROR;
				CLANG_WARN_RANGE_LOOP_ANALYSIS = YES;
				CLANG_WARN_STRICT_PROTOTYPES = YES;
				CLANG_WARN_SUSPICIOUS_MOVE = YES;
				CLANG_WARN_UNGUARDED_AVAILABILITY = YES_AGGRESSIVE;
				CLANG_WARN_UNREACHABLE_CODE = YES;
				CLANG_WARN__DUPLICATE_METHOD_MATCH = YES;
				COPY_PHASE_STRIP = NO;
				DEBUG_INFORMATION_FORMAT = dwarf;
				ENABLE_STRICT_OBJC_MSGSEND = YES;
				ENABLE_TESTABILITY = YES;
				GCC_C_LANGUAGE_STANDARD = gnu11;
				GCC_DYNAMIC_NO_PIC = NO;
				GCC_NO_COMMON_BLOCKS = YES;
				GCC_OPTIMIZATION_LEVEL = 0;
				GCC_PREPROCESSOR_DEFINITIONS = (
					"DEBUG=1",
					"$(inherited)",
				);
				GCC_WARN_64_TO_32_BIT_CONVERSION = YES;
				GCC_WARN_ABOUT_RETURN_TYPE = YES_ERROR;
				GCC_WARN_UNDECLARED_SELECTOR = YES;
				GCC_WARN_UNINITIALIZED_AUTOS = YES_AGGRESSIVE;
				GCC_WARN_UNUSED_FUNCTION = YES;
				GCC_WARN_UNUSED_VARIABLE = YES;
				IPHONEOS_DEPLOYMENT_TARGET = 13.4;
				MTL_ENABLE_DEBUG_INFO = INCLUDE_SOURCE;
				MTL_FAST_MATH = YES;
				ONLY_ACTIVE_ARCH = YES;
				SDKROOT = iphoneos;
				SWIFT_ACTIVE_COMPILATION_CONDITIONS = DEBUG;
				SWIFT_OPTIMIZATION_LEVEL = "-Onone";
			};
			name = Debug;
		};
		CB2518D6243BA5F30031AE2C /* Release */ = {
			isa = XCBuildConfiguration;
			buildSettings = {
				ALWAYS_SEARCH_USER_PATHS = NO;
				CLANG_ANALYZER_NONNULL = YES;
				CLANG_ANALYZER_NUMBER_OBJECT_CONVERSION = YES_AGGRESSIVE;
				CLANG_CXX_LANGUAGE_STANDARD = "gnu++14";
				CLANG_CXX_LIBRARY = "libc++";
				CLANG_ENABLE_MODULES = YES;
				CLANG_ENABLE_OBJC_ARC = YES;
				CLANG_ENABLE_OBJC_WEAK = YES;
				CLANG_WARN_BLOCK_CAPTURE_AUTORELEASING = YES;
				CLANG_WARN_BOOL_CONVERSION = YES;
				CLANG_WARN_COMMA = YES;
				CLANG_WARN_CONSTANT_CONVERSION = YES;
				CLANG_WARN_DEPRECATED_OBJC_IMPLEMENTATIONS = YES;
				CLANG_WARN_DIRECT_OBJC_ISA_USAGE = YES_ERROR;
				CLANG_WARN_DOCUMENTATION_COMMENTS = YES;
				CLANG_WARN_EMPTY_BODY = YES;
				CLANG_WARN_ENUM_CONVERSION = YES;
				CLANG_WARN_INFINITE_RECURSION = YES;
				CLANG_WARN_INT_CONVERSION = YES;
				CLANG_WARN_NON_LITERAL_NULL_CONVERSION = YES;
				CLANG_WARN_OBJC_IMPLICIT_RETAIN_SELF = YES;
				CLANG_WARN_OBJC_LITERAL_CONVERSION = YES;
				CLANG_WARN_OBJC_ROOT_CLASS = YES_ERROR;
				CLANG_WARN_RANGE_LOOP_ANALYSIS = YES;
				CLANG_WARN_STRICT_PROTOTYPES = YES;
				CLANG_WARN_SUSPICIOUS_MOVE = YES;
				CLANG_WARN_UNGUARDED_AVAILABILITY = YES_AGGRESSIVE;
				CLANG_WARN_UNREACHABLE_CODE = YES;
				CLANG_WARN__DUPLICATE_METHOD_MATCH = YES;
				COPY_PHASE_STRIP = NO;
				DEBUG_INFORMATION_FORMAT = "dwarf-with-dsym";
				ENABLE_NS_ASSERTIONS = NO;
				ENABLE_STRICT_OBJC_MSGSEND = YES;
				GCC_C_LANGUAGE_STANDARD = gnu11;
				GCC_NO_COMMON_BLOCKS = YES;
				GCC_WARN_64_TO_32_BIT_CONVERSION = YES;
				GCC_WARN_ABOUT_RETURN_TYPE = YES_ERROR;
				GCC_WARN_UNDECLARED_SELECTOR = YES;
				GCC_WARN_UNINITIALIZED_AUTOS = YES_AGGRESSIVE;
				GCC_WARN_UNUSED_FUNCTION = YES;
				GCC_WARN_UNUSED_VARIABLE = YES;
				IPHONEOS_DEPLOYMENT_TARGET = 13.4;
				MTL_ENABLE_DEBUG_INFO = NO;
				MTL_FAST_MATH = YES;
				SDKROOT = iphoneos;
				SWIFT_COMPILATION_MODE = wholemodule;
				SWIFT_OPTIMIZATION_LEVEL = "-O";
				VALIDATE_PRODUCT = YES;
			};
			name = Release;
		};
		CB2518D8243BA5F30031AE2C /* Debug */ = {
			isa = XCBuildConfiguration;
			buildSettings = {
				ASSETCATALOG_COMPILER_APPICON_NAME = AppIcon;
				CODE_SIGN_STYLE = Automatic;
				INFOPLIST_FILE = "Meu projeto xcode 101/Info.plist";
				LD_RUNPATH_SEARCH_PATHS = (
					"$(inherited)",
					"@executable_path/Frameworks",
				);
				PRODUCT_BUNDLE_IDENTIFIER = "my.app.1st.Meu-projeto-xcode-101";
				PRODUCT_NAME = "$(TARGET_NAME)";
				SWIFT_VERSION = 5.0;
				TARGETED_DEVICE_FAMILY = "1,2";
			};
			name = Debug;
		};
		CB2518D9243BA5F30031AE2C /* Release */ = {
			isa = XCBuildConfiguration;
			buildSettings = {
				ASSETCATALOG_COMPILER_APPICON_NAME = AppIcon;
				CODE_SIGN_STYLE = Automatic;
				INFOPLIST_FILE = "Meu projeto xcode 101/Info.plist";
				LD_RUNPATH_SEARCH_PATHS = (
					"$(inherited)",
					"@executable_path/Frameworks",
				);
				PRODUCT_BUNDLE_IDENTIFIER = "my.app.1st.Meu-projeto-xcode-101";
				PRODUCT_NAME = "$(TARGET_NAME)";
				SWIFT_VERSION = 5.0;
				TARGETED_DEVICE_FAMILY = "1,2";
			};
			name = Release;
		};
/* End XCBuildConfiguration section */

/* Begin XCConfigurationList section */
		CB2518BE243BA5EE0031AE2C /* Build configuration list for PBXProject "Meu projeto xcode 101" */ = {
			isa = XCConfigurationList;
			buildConfigurations = (
				CB2518D5243BA5F30031AE2C /* Debug */,
				CB2518D6243BA5F30031AE2C /* Release */,
			);
			defaultConfigurationIsVisible = 0;
			defaultConfigurationName = Release;
		};
		CB2518D7243BA5F30031AE2C /* Build configuration list for PBXNativeTarget "Meu projeto xcode 101" */ = {
			isa = XCConfigurationList;
			buildConfigurations = (
				CB2518D8243BA5F30031AE2C /* Debug */,
				CB2518D9243BA5F30031AE2C /* Release */,
			);
			defaultConfigurationIsVisible = 0;
			defaultConfigurationName = Release;
		};
/* End XCConfigurationList section */
	};
	rootObject = CB2518BB243BA5EE0031AE2C /* Project object */;
}
